{
  "name": "PORTFOLIO-WEBSITE",
  "lockfileVersion": 3,
  "requires": true,
  "packages": {
    "": {
      "dependencies": {
        "framer-motion": "^11.15.0",
        "lucide-react": "^0.469.0"
      }
    },
    "node_modules/framer-motion": {
      "version": "11.15.0",
      "resolved": "https://registry.npmjs.org/framer-motion/-/framer-motion-11.15.0.tgz",
      "integrity": "sha512-MLk8IvZntxOMg7lDBLw2qgTHHv664bYoYmnFTmE0Gm/FW67aOJk0WM3ctMcG+Xhcv+vh5uyyXwxvxhSeJzSe+w==",
      "dependencies": {
        "motion-dom": "^11.14.3",
        "motion-utils": "^11.14.3",
        "tslib": "^2.4.0"
      },
      "peerDependencies": {
        "@emotion/is-prop-valid": "*",
        "react": "^18.0.0 || ^19.0.0",
        "react-dom": "^18.0.0 || ^19.0.0"
      },
      "peerDependenciesMeta": {
        "@emotion/is-prop-valid": {
          "optional": true
        },
        "react": {
          "optional": true
        },
        "react-dom": {
          "optional": true
        }
      }
    },
    "node_modules/lucide-react": {
      "version": "0.469.0",
      "resolved": "https://registry.npmjs.org/lucide-react/-/lucide-react-0.469.0.tgz",
      "integrity": "sha512-28vvUnnKQ/dBwiCQtwJw7QauYnE7yd2Cyp4tTTJpvglX4EMpbflcdBgrgToX2j71B3YvugK/NH3BGUk+E/p/Fw==",
      "peerDependencies": {
        "react": "^16.5.1 || ^17.0.0 || ^18.0.0 || ^19.0.0"
      }
    },
    "node_modules/motion-dom": {
      "version": "11.14.3",
      "resolved": "https://registry.npmjs.org/motion-dom/-/motion-dom-11.14.3.tgz",
      "integrity": "sha512-lW+D2wBy5vxLJi6aCP0xyxTxlTfiu+b+zcpVbGVFUxotwThqhdpPRSmX8xztAgtZMPMeU0WGVn/k1w4I+TbPqA=="
    },
    "node_modules/motion-utils": {
      "version": "11.14.3",
      "resolved": "https://registry.npmjs.org/motion-utils/-/motion-utils-11.14.3.tgz",
      "integrity": "sha512-Xg+8xnqIJTpr0L/cidfTTBFkvRw26ZtGGuIhA94J9PQ2p4mEa06Xx7QVYZH0BP+EpMSaDlu+q0I0mmvwADPsaQ=="
    },
    "node_modules/react": {
      "version": "19.0.0",
      "resolved": "https://registry.npmjs.org/react/-/react-19.0.0.tgz",
      "integrity": "sha512-V8AVnmPIICiWpGfm6GLzCR/W5FXLchHop40W4nXBmdlEceh16rCN8O8LNWm5bh5XUX91fh7KpA+W0TgMKmgTpQ==",
      "peer": true,
      "engines": {
        "node": ">=0.10.0"
      }
    },
    "node_modules/tslib": {
      "version": "2.8.1",
      "resolved": "https://registry.npmjs.org/tslib/-/tslib-2.8.1.tgz",
      "integrity": "sha512-oJFu94HQb+KVduSUQL7wnpmqnfmLsOA/nAh6b6EH0wCEoK0/mPeXU6c3wKDV83MkOuHPRHtSXKKU99IBazS/2w=="
    }
  }
}
